
Microsoft Visual Studio Solution File, Format Version 12.00
# Visual Studio Version 17
VisualStudioVersion = 17.9.34714.143
MinimumVisualStudioVersion = 10.0.40219.1
Project("{FAE04EC0-301F-11D3-BF4B-00C04F79EFBC}") = "QuanTriTrongOracle", "QuanTriTrongOracle\QuanTriTrongOracle.csproj", "{CC55B332-771D-41AF-B35C-80743D5D4B07}"
EndProject
Global
	GlobalSection(SolutionConfigurationPlatforms) = preSolution
		Debug|Any CPU = Debug|Any CPU
		Release|Any CPU = Release|Any CPU
	EndGlobalSection
	GlobalSection(ProjectConfigurationPlatforms) = postSolution
		{CC55B332-771D-41AF-B35C-80743D5D4B07}.Debug|Any CPU.ActiveCfg = Debug|Any CPU
		{CC55B332-771D-41AF-B35C-80743D5D4B07}.Debug|Any CPU.Build.0 = Debug|Any CPU
		{CC55B332-771D-41AF-B35C-80743D5D4B07}.Release|Any CPU.ActiveCfg = Release|Any CPU
		{CC55B332-771D-41AF-B35C-80743D5D4B07}.Release|Any CPU.Build.0 = Release|Any CPU
	EndGlobalSection
	GlobalSection(SolutionProperties) = preSolution
		HideSolutionNode = FALSE
	EndGlobalSection
	GlobalSection(ExtensibilityGlobals) = postSolution
		SolutionGuid = {F67390EE-BD50-4B49-A7C8-283293C9F3F7}
	EndGlobalSection
EndGlobal
